<?xml version="1.0" encoding="utf-8"?>
<Project ToolsVersion="4.0" xmlns="http://schemas.microsoft.com/developer/msbuild/2003">
  <ItemGroup>
    <ClCompile Include="SOIL\SOIL.c">
      <Filter>SOIL</Filter>
    </ClCompile>
    <ClCompile Include="SOIL\stb_image_aug.c">
      <Filter>SOIL</Filter>
    </ClCompile>
    <ClCompile Include="SOIL\image_DXT.c">
      <Filter>SOIL</Filter>
    </ClCompile>
    <ClCompile Include="SOIL\image_helper.c">
      <Filter>SOIL</Filter>
    </ClCompile>
    <ClCompile Include="Camera.cpp">
      <Filter>Classes</Filter>
    </ClCompile>
    <ClCompile Include="CoCaNgua.cpp">
      <Filter>Classes</Filter>
    </ClCompile>
    <ClCompile Include="mathlib.cpp">
      <Filter>Classes</Filter>
    </ClCompile>
    <ClCompile Include="Model.cpp">
      <Filter>Classes</Filter>
    </ClCompile>
    <ClCompile Include="ModelOBJ.cpp">
      <Filter>Classes</Filter>
    </ClCompile>
    <ClCompile Include="Game.cpp">
      <Filter>Classes</Filter>
    </ClCompile>
    <ClCompile Include="Graphic.cpp">
      <Filter>Classes</Filter>
    </ClCompile>
    <ClCompile Include="Piece.cpp">
      <Filter>Classes</Filter>
    </ClCompile>
    <ClCompile Include="Die.cpp">
      <Filter>Classes</Filter>
    </ClCompile>
    <ClCompile Include="Board.cpp">
      <Filter>Classes</Filter>
    </ClCompile>
    <ClCompile Include="InputManager.cpp">
      <Filter>Classes</Filter>
    </ClCompile>
    <ClCompile Include="Sprite2D.cpp">
      <Filter>Classes</Filter>
    </ClCompile>
    <ClCompile Include="MainMenu.cpp" />
  </ItemGroup>
  <ItemGroup>
    <ClInclude Include="SOIL\SOIL.h">
      <Filter>SOIL</Filter>
    </ClInclude>
    <ClInclude Include="SOIL\stb_image_aug.h">
      <Filter>SOIL</Filter>
    </ClInclude>
    <ClInclude Include="SOIL\stbi_DDS_aug.h">
      <Filter>SOIL</Filter>
    </ClInclude>
    <ClInclude Include="SOIL\stbi_DDS_aug_c.h">
      <Filter>SOIL</Filter>
    </ClInclude>
    <ClInclude Include="SOIL\image_DXT.h">
      <Filter>SOIL</Filter>
    </ClInclude>
    <ClInclude Include="SOIL\image_helper.h">
      <Filter>SOIL</Filter>
    </ClInclude>
    <ClInclude Include="Camera.h">
      <Filter>Classes</Filter>
    </ClInclude>
    <ClInclude Include="Light.h">
      <Filter>Classes</Filter>
    </ClInclude>
    <ClInclude Include="mathlib.h">
      <Filter>Classes</Filter>
    </ClInclude>
    <ClInclude Include="Model.h">
      <Filter>Classes</Filter>
    </ClInclude>
    <ClInclude Include="ModelOBJ.h">
      <Filter>Classes</Filter>
    </ClInclude>
    <ClInclude Include="Timer.h">
      <Filter>Classes</Filter>
    </ClInclude>
    <ClInclude Include="Graphic.h">
      <Filter>Classes</Filter>
    </ClInclude>
    <ClInclude Include="Game.h">
      <Filter>Classes</Filter>
    </ClInclude>
    <ClInclude Include="Piece.h">
      <Filter>Classes</Filter>
    </ClInclude>
    <ClInclude Include="Constants.h">
      <Filter>Classes</Filter>
    </ClInclude>
    <ClInclude Include="Die.h">
      <Filter>Classes</Filter>
    </ClInclude>
    <ClInclude Include="Board.h">
      <Filter>Classes</Filter>
    </ClInclude>
    <ClInclude Include="InputManager.h">
      <Filter>Classes</Filter>
    </ClInclude>
    <ClInclude Include="Sprite2D.h">
      <Filter>Classes</Filter>
    </ClInclude>
    <ClInclude Include="MainMenu.h" />
  </ItemGroup>
  <ItemGroup>
    <None Include="ReadMe.txt" />
  </ItemGroup>
  <ItemGroup>
    <Filter Include="SOIL">
      <UniqueIdentifier>{1ab4aa36-710f-4186-b917-2e17a499e8a4}</UniqueIdentifier>
      <Extensions>SOIL/*.*</Extensions>
    </Filter>
    <Filter Include="Classes">
      <UniqueIdentifier>{c51d09ed-c2fa-4b31-96f9-50f3623dec26}</UniqueIdentifier>
      <Extensions>
      </Extensions>
    </Filter>
  </ItemGroup>
</Project>